// !$*UTF8*$!
{
	archiveVersion = 1;
	classes = {
	};
	objectVersion = 56;
	objects = {

/* Begin PBXBuildFile section */
		D252EE742D38D2F6008CBFF8 /* ChatMessageView.swift in Sources */ = {isa = PBXBuildFile; fileRef = D252EE732D38D2F6008CBFF8 /* ChatMessageView.swift */; };
		D252EE762D38D91B008CBFF8 /* SettingsView.swift in Sources */ = {isa = PBXBuildFile; fileRef = D252EE752D38D91B008CBFF8 /* SettingsView.swift */; };
		D289478A2D3A286E00F23AC6 /* Image+Extensions.swift in Sources */ = {isa = PBXBuildFile; fileRef = D28947892D3A286E00F23AC6 /* Image+Extensions.swift */; };
		D289478C2D3A2A7F00F23AC6 /* ImagePicker.swift in Sources */ = {isa = PBXBuildFile; fileRef = D289478B2D3A2A7F00F23AC6 /* ImagePicker.swift */; };
		D289478E2D3A2D1C00F23AC6 /* UiImagePickerController.SourceType+Extensions.swift in Sources */ = {isa = PBXBuildFile; fileRef = D289478D2D3A2D1C00F23AC6 /* UiImagePickerController.SourceType+Extensions.swift */; };
		D28947902D3A2ED700F23AC6 /* UiImage+Extensions.swift in Sources */ = {isa = PBXBuildFile; fileRef = D289478F2D3A2ED700F23AC6 /* UiImage+Extensions.swift */; };
		D28947922D3A30B900F23AC6 /* Storage+Extensions.swift in Sources */ = {isa = PBXBuildFile; fileRef = D28947912D3A30B800F23AC6 /* Storage+Extensions.swift */; };
		D28947942D3DF2A000F23AC6 /* ChatMessageInputView.swift in Sources */ = {isa = PBXBuildFile; fileRef = D28947932D3DF29F00F23AC6 /* ChatMessageInputView.swift */; };
		D28947962D3DF2D500F23AC6 /* GroupDetailConfig.swift in Sources */ = {isa = PBXBuildFile; fileRef = D28947952D3DF2D500F23AC6 /* GroupDetailConfig.swift */; };
		D2ADEB552D362B7B005D62B6 /* MainView.swift in Sources */ = {isa = PBXBuildFile; fileRef = D2ADEB542D362B7B005D62B6 /* MainView.swift */; };
		D2ADEB572D363901005D62B6 /* AppState.swift in Sources */ = {isa = PBXBuildFile; fileRef = D2ADEB562D363901005D62B6 /* AppState.swift */; };
		D2ADEB592D363C63005D62B6 /* GroupListContainerView.swift in Sources */ = {isa = PBXBuildFile; fileRef = D2ADEB582D363C63005D62B6 /* GroupListContainerView.swift */; };
		D2ADEB5C2D363D1B005D62B6 /* AddNewGroupView.swift in Sources */ = {isa = PBXBuildFile; fileRef = D2ADEB5B2D363D1B005D62B6 /* AddNewGroupView.swift */; };
		D2ADEB5E2D36418B005D62B6 /* Group.swift in Sources */ = {isa = PBXBuildFile; fileRef = D2ADEB5D2D36418B005D62B6 /* Group.swift */; };
		D2ADEB612D364757005D62B6 /* GroupListView.swift in Sources */ = {isa = PBXBuildFile; fileRef = D2ADEB602D364757005D62B6 /* GroupListView.swift */; };
		D2ADEB632D3647B1005D62B6 /* GroupDetailView.swift in Sources */ = {isa = PBXBuildFile; fileRef = D2ADEB622D3647B1005D62B6 /* GroupDetailView.swift */; };
		D2ADEB652D3791F6005D62B6 /* ChatMessage.swift in Sources */ = {isa = PBXBuildFile; fileRef = D2ADEB642D3791F6005D62B6 /* ChatMessage.swift */; };
		D2ADEB672D379AA2005D62B6 /* ChatMessageListView.swift in Sources */ = {isa = PBXBuildFile; fileRef = D2ADEB662D379AA2005D62B6 /* ChatMessageListView.swift */; };
		D2C0D0F32D311F1F0062736B /* WhatsUpApp.swift in Sources */ = {isa = PBXBuildFile; fileRef = D2C0D0F22D311F1F0062736B /* WhatsUpApp.swift */; };
		D2C0D0F72D311F210062736B /* Assets.xcassets in Resources */ = {isa = PBXBuildFile; fileRef = D2C0D0F62D311F210062736B /* Assets.xcassets */; };
		D2C0D0FA2D311F210062736B /* Preview Assets.xcassets in Resources */ = {isa = PBXBuildFile; fileRef = D2C0D0F92D311F210062736B /* Preview Assets.xcassets */; };
		D2C0D1012D311F5C0062736B /* GoogleService-Info.plist in Resources */ = {isa = PBXBuildFile; fileRef = D2C0D1002D311F5C0062736B /* GoogleService-Info.plist */; };
		D2C0D1042D31201E0062736B /* FirebaseAuth in Frameworks */ = {isa = PBXBuildFile; productRef = D2C0D1032D31201E0062736B /* FirebaseAuth */; };
		D2C0D1062D31201E0062736B /* FirebaseFirestore in Frameworks */ = {isa = PBXBuildFile; productRef = D2C0D1052D31201E0062736B /* FirebaseFirestore */; };
		D2C0D1082D31201E0062736B /* FirebaseStorage in Frameworks */ = {isa = PBXBuildFile; productRef = D2C0D1072D31201E0062736B /* FirebaseStorage */; };
		D2C0D10B2D3121650062736B /* SignUpView.swift in Sources */ = {isa = PBXBuildFile; fileRef = D2C0D10A2D3121650062736B /* SignUpView.swift */; };
		D2C0D10E2D31221E0062736B /* String+Extensions.swift in Sources */ = {isa = PBXBuildFile; fileRef = D2C0D10D2D31221E0062736B /* String+Extensions.swift */; };
		D2C0D1112D3125DE0062736B /* FirebaseModel.swift in Sources */ = {isa = PBXBuildFile; fileRef = D2C0D1102D3125DE0062736B /* FirebaseModel.swift */; };
		D2C0D1132D3126EB0062736B /* LoginView.swift in Sources */ = {isa = PBXBuildFile; fileRef = D2C0D1122D3126EB0062736B /* LoginView.swift */; };
/* End PBXBuildFile section */

/* Begin PBXFileReference section */
		D252EE732D38D2F6008CBFF8 /* ChatMessageView.swift */ = {isa = PBXFileReference; lastKnownFileType = sourcecode.swift; path = ChatMessageView.swift; sourceTree = "<group>"; };
		D252EE752D38D91B008CBFF8 /* SettingsView.swift */ = {isa = PBXFileReference; lastKnownFileType = sourcecode.swift; path = SettingsView.swift; sourceTree = "<group>"; };
		D28947892D3A286E00F23AC6 /* Image+Extensions.swift */ = {isa = PBXFileReference; lastKnownFileType = sourcecode.swift; path = "Image+Extensions.swift"; sourceTree = "<group>"; };
		D289478B2D3A2A7F00F23AC6 /* ImagePicker.swift */ = {isa = PBXFileReference; lastKnownFileType = sourcecode.swift; path = ImagePicker.swift; sourceTree = "<group>"; };
		D289478D2D3A2D1C00F23AC6 /* UiImagePickerController.SourceType+Extensions.swift */ = {isa = PBXFileReference; lastKnownFileType = sourcecode.swift; path = "UiImagePickerController.SourceType+Extensions.swift"; sourceTree = "<group>"; };
		D289478F2D3A2ED700F23AC6 /* UiImage+Extensions.swift */ = {isa = PBXFileReference; lastKnownFileType = sourcecode.swift; path = "UiImage+Extensions.swift"; sourceTree = "<group>"; };
		D28947912D3A30B800F23AC6 /* Storage+Extensions.swift */ = {isa = PBXFileReference; lastKnownFileType = sourcecode.swift; path = "Storage+Extensions.swift"; sourceTree = "<group>"; };
		D28947932D3DF29F00F23AC6 /* ChatMessageInputView.swift */ = {isa = PBXFileReference; lastKnownFileType = sourcecode.swift; path = ChatMessageInputView.swift; sourceTree = "<group>"; };
		D28947952D3DF2D500F23AC6 /* GroupDetailConfig.swift */ = {isa = PBXFileReference; lastKnownFileType = sourcecode.swift; path = GroupDetailConfig.swift; sourceTree = "<group>"; };
		D2ADEB542D362B7B005D62B6 /* MainView.swift */ = {isa = PBXFileReference; lastKnownFileType = sourcecode.swift; path = MainView.swift; sourceTree = "<group>"; };
		D2ADEB562D363901005D62B6 /* AppState.swift */ = {isa = PBXFileReference; lastKnownFileType = sourcecode.swift; path = AppState.swift; sourceTree = "<group>"; };
		D2ADEB582D363C63005D62B6 /* GroupListContainerView.swift */ = {isa = PBXFileReference; lastKnownFileType = sourcecode.swift; path = GroupListContainerView.swift; sourceTree = "<group>"; };
		D2ADEB5B2D363D1B005D62B6 /* AddNewGroupView.swift */ = {isa = PBXFileReference; lastKnownFileType = sourcecode.swift; path = AddNewGroupView.swift; sourceTree = "<group>"; };
		D2ADEB5D2D36418B005D62B6 /* Group.swift */ = {isa = PBXFileReference; lastKnownFileType = sourcecode.swift; path = Group.swift; sourceTree = "<group>"; };
		D2ADEB5F2D364529005D62B6 /* Info.plist */ = {isa = PBXFileReference; lastKnownFileType = text.plist; path = Info.plist; sourceTree = "<group>"; };
		D2ADEB602D364757005D62B6 /* GroupListView.swift */ = {isa = PBXFileReference; lastKnownFileType = sourcecode.swift; path = GroupListView.swift; sourceTree = "<group>"; };
		D2ADEB622D3647B1005D62B6 /* GroupDetailView.swift */ = {isa = PBXFileReference; lastKnownFileType = sourcecode.swift; path = GroupDetailView.swift; sourceTree = "<group>"; };
		D2ADEB642D3791F6005D62B6 /* ChatMessage.swift */ = {isa = PBXFileReference; lastKnownFileType = sourcecode.swift; path = ChatMessage.swift; sourceTree = "<group>"; };
		D2ADEB662D379AA2005D62B6 /* ChatMessageListView.swift */ = {isa = PBXFileReference; lastKnownFileType = sourcecode.swift; path = ChatMessageListView.swift; sourceTree = "<group>"; };
		D2C0D0EF2D311F1F0062736B /* WhatsUp.app */ = {isa = PBXFileReference; explicitFileType = wrapper.application; includeInIndex = 0; path = WhatsUp.app; sourceTree = BUILT_PRODUCTS_DIR; };
		D2C0D0F22D311F1F0062736B /* WhatsUpApp.swift */ = {isa = PBXFileReference; lastKnownFileType = sourcecode.swift; path = WhatsUpApp.swift; sourceTree = "<group>"; };
		D2C0D0F62D311F210062736B /* Assets.xcassets */ = {isa = PBXFileReference; lastKnownFileType = folder.assetcatalog; path = Assets.xcassets; sourceTree = "<group>"; };
		D2C0D0F92D311F210062736B /* Preview Assets.xcassets */ = {isa = PBXFileReference; lastKnownFileType = folder.assetcatalog; path = "Preview Assets.xcassets"; sourceTree = "<group>"; };
		D2C0D1002D311F5C0062736B /* GoogleService-Info.plist */ = {isa = PBXFileReference; fileEncoding = 4; lastKnownFileType = text.plist.xml; path = "GoogleService-Info.plist"; sourceTree = "<group>"; };
		D2C0D10A2D3121650062736B /* SignUpView.swift */ = {isa = PBXFileReference; lastKnownFileType = sourcecode.swift; path = SignUpView.swift; sourceTree = "<group>"; };
		D2C0D10D2D31221E0062736B /* String+Extensions.swift */ = {isa = PBXFileReference; lastKnownFileType = sourcecode.swift; path = "String+Extensions.swift"; sourceTree = "<group>"; };
		D2C0D1102D3125DE0062736B /* FirebaseModel.swift */ = {isa = PBXFileReference; lastKnownFileType = sourcecode.swift; path = FirebaseModel.swift; sourceTree = "<group>"; };
		D2C0D1122D3126EB0062736B /* LoginView.swift */ = {isa = PBXFileReference; lastKnownFileType = sourcecode.swift; path = LoginView.swift; sourceTree = "<group>"; };
/* End PBXFileReference section */

/* Begin PBXFrameworksBuildPhase section */
		D2C0D0EC2D311F1F0062736B /* Frameworks */ = {
			isa = PBXFrameworksBuildPhase;
			buildActionMask = 2147483647;
			files = (
				D2C0D1042D31201E0062736B /* FirebaseAuth in Frameworks */,
				D2C0D1062D31201E0062736B /* FirebaseFirestore in Frameworks */,
				D2C0D1082D31201E0062736B /* FirebaseStorage in Frameworks */,
			);
			runOnlyForDeploymentPostprocessing = 0;
		};
/* End PBXFrameworksBuildPhase section */

/* Begin PBXGroup section */
		D2ADEB5A2D363D09005D62B6 /* Group */ = {
			isa = PBXGroup;
			children = (
				D2ADEB582D363C63005D62B6 /* GroupListContainerView.swift */,
				D2ADEB5B2D363D1B005D62B6 /* AddNewGroupView.swift */,
				D2ADEB602D364757005D62B6 /* GroupListView.swift */,
				D2ADEB622D3647B1005D62B6 /* GroupDetailView.swift */,
			);
			path = Group;
			sourceTree = "<group>";
		};
		D2C0D0E62D311F1F0062736B = {
			isa = PBXGroup;
			children = (
				D2C0D0F12D311F1F0062736B /* WhatsUp */,
				D2C0D0F02D311F1F0062736B /* Products */,
			);
			sourceTree = "<group>";
		};
		D2C0D0F02D311F1F0062736B /* Products */ = {
			isa = PBXGroup;
			children = (
				D2C0D0EF2D311F1F0062736B /* WhatsUp.app */,
			);
			name = Products;
			sourceTree = "<group>";
		};
		D2C0D0F12D311F1F0062736B /* WhatsUp */ = {
			isa = PBXGroup;
			children = (
				D2ADEB5F2D364529005D62B6 /* Info.plist */,
				D2C0D10F2D3125D50062736B /* Models */,
				D2C0D10C2D3122130062736B /* Extensions */,
				D2C0D1092D31215A0062736B /* Views */,
				D2C0D1002D311F5C0062736B /* GoogleService-Info.plist */,
				D2C0D0F22D311F1F0062736B /* WhatsUpApp.swift */,
				D2C0D0F62D311F210062736B /* Assets.xcassets */,
				D2C0D0F82D311F210062736B /* Preview Content */,
			);
			path = WhatsUp;
			sourceTree = "<group>";
		};
		D2C0D0F82D311F210062736B /* Preview Content */ = {
			isa = PBXGroup;
			children = (
				D2C0D0F92D311F210062736B /* Preview Assets.xcassets */,
			);
			path = "Preview Content";
			sourceTree = "<group>";
		};
		D2C0D1092D31215A0062736B /* Views */ = {
			isa = PBXGroup;
			children = (
				D2ADEB5A2D363D09005D62B6 /* Group */,
				D2C0D10A2D3121650062736B /* SignUpView.swift */,
				D2C0D1122D3126EB0062736B /* LoginView.swift */,
				D2ADEB542D362B7B005D62B6 /* MainView.swift */,
				D2ADEB662D379AA2005D62B6 /* ChatMessageListView.swift */,
				D252EE732D38D2F6008CBFF8 /* ChatMessageView.swift */,
				D252EE752D38D91B008CBFF8 /* SettingsView.swift */,
				D289478B2D3A2A7F00F23AC6 /* ImagePicker.swift */,
				D28947932D3DF29F00F23AC6 /* ChatMessageInputView.swift */,
				D28947952D3DF2D500F23AC6 /* GroupDetailConfig.swift */,
			);
			path = Views;
			sourceTree = "<group>";
		};
		D2C0D10C2D3122130062736B /* Extensions */ = {
			isa = PBXGroup;
			children = (
				D2C0D10D2D31221E0062736B /* String+Extensions.swift */,
				D28947892D3A286E00F23AC6 /* Image+Extensions.swift */,
				D289478D2D3A2D1C00F23AC6 /* UiImagePickerController.SourceType+Extensions.swift */,
				D289478F2D3A2ED700F23AC6 /* UiImage+Extensions.swift */,
				D28947912D3A30B800F23AC6 /* Storage+Extensions.swift */,
			);
			path = Extensions;
			sourceTree = "<group>";
		};
		D2C0D10F2D3125D50062736B /* Models */ = {
			isa = PBXGroup;
			children = (
				D2C0D1102D3125DE0062736B /* FirebaseModel.swift */,
				D2ADEB562D363901005D62B6 /* AppState.swift */,
				D2ADEB5D2D36418B005D62B6 /* Group.swift */,
				D2ADEB642D3791F6005D62B6 /* ChatMessage.swift */,
			);
			path = Models;
			sourceTree = "<group>";
		};
/* End PBXGroup section */

/* Begin PBXNativeTarget section */
		D2C0D0EE2D311F1F0062736B /* WhatsUp */ = {
			isa = PBXNativeTarget;
			buildConfigurationList = D2C0D0FD2D311F210062736B /* Build configuration list for PBXNativeTarget "WhatsUp" */;
			buildPhases = (
				D2C0D0EB2D311F1F0062736B /* Sources */,
				D2C0D0EC2D311F1F0062736B /* Frameworks */,
				D2C0D0ED2D311F1F0062736B /* Resources */,
			);
			buildRules = (
			);
			dependencies = (
			);
			name = WhatsUp;
			packageProductDependencies = (
				D2C0D1032D31201E0062736B /* FirebaseAuth */,
				D2C0D1052D31201E0062736B /* FirebaseFirestore */,
				D2C0D1072D31201E0062736B /* FirebaseStorage */,
			);
			productName = WhatsUp;
			productReference = D2C0D0EF2D311F1F0062736B /* WhatsUp.app */;
			productType = "com.apple.product-type.application";
		};
/* End PBXNativeTarget section */

/* Begin PBXProject section */
		D2C0D0E72D311F1F0062736B /* Project object */ = {
			isa = PBXProject;
			attributes = {
				BuildIndependentTargetsInParallel = 1;
				LastSwiftUpdateCheck = 1540;
				LastUpgradeCheck = 1540;
				TargetAttributes = {
					D2C0D0EE2D311F1F0062736B = {
						CreatedOnToolsVersion = 15.4;
					};
				};
			};
			buildConfigurationList = D2C0D0EA2D311F1F0062736B /* Build configuration list for PBXProject "WhatsUp" */;
			compatibilityVersion = "Xcode 14.0";
			developmentRegion = en;
			hasScannedForEncodings = 0;
			knownRegions = (
				en,
				Base,
			);
			mainGroup = D2C0D0E62D311F1F0062736B;
			packageReferences = (
				D2C0D1022D31201E0062736B /* XCRemoteSwiftPackageReference "firebase-ios-sdk" */,
			);
			productRefGroup = D2C0D0F02D311F1F0062736B /* Products */;
			projectDirPath = "";
			projectRoot = "";
			targets = (
				D2C0D0EE2D311F1F0062736B /* WhatsUp */,
			);
		};
/* End PBXProject section */

/* Begin PBXResourcesBuildPhase section */
		D2C0D0ED2D311F1F0062736B /* Resources */ = {
			isa = PBXResourcesBuildPhase;
			buildActionMask = 2147483647;
			files = (
				D2C0D0FA2D311F210062736B /* Preview Assets.xcassets in Resources */,
				D2C0D1012D311F5C0062736B /* GoogleService-Info.plist in Resources */,
				D2C0D0F72D311F210062736B /* Assets.xcassets in Resources */,
			);
			runOnlyForDeploymentPostprocessing = 0;
		};
/* End PBXResourcesBuildPhase section */

/* Begin PBXSourcesBuildPhase section */
		D2C0D0EB2D311F1F0062736B /* Sources */ = {
			isa = PBXSourcesBuildPhase;
			buildActionMask = 2147483647;
			files = (
				D252EE742D38D2F6008CBFF8 /* ChatMessageView.swift in Sources */,
				D28947942D3DF2A000F23AC6 /* ChatMessageInputView.swift in Sources */,
				D2C0D1132D3126EB0062736B /* LoginView.swift in Sources */,
				D2ADEB612D364757005D62B6 /* GroupListView.swift in Sources */,
				D289478C2D3A2A7F00F23AC6 /* ImagePicker.swift in Sources */,
				D2ADEB652D3791F6005D62B6 /* ChatMessage.swift in Sources */,
				D2ADEB552D362B7B005D62B6 /* MainView.swift in Sources */,
				D2ADEB672D379AA2005D62B6 /* ChatMessageListView.swift in Sources */,
				D289478E2D3A2D1C00F23AC6 /* UiImagePickerController.SourceType+Extensions.swift in Sources */,
				D2C0D1112D3125DE0062736B /* FirebaseModel.swift in Sources */,
				D2ADEB5E2D36418B005D62B6 /* Group.swift in Sources */,
				D2ADEB572D363901005D62B6 /* AppState.swift in Sources */,
				D28947902D3A2ED700F23AC6 /* UiImage+Extensions.swift in Sources */,
				D252EE762D38D91B008CBFF8 /* SettingsView.swift in Sources */,
				D2C0D10E2D31221E0062736B /* String+Extensions.swift in Sources */,
				D2C0D10B2D3121650062736B /* SignUpView.swift in Sources */,
				D28947962D3DF2D500F23AC6 /* GroupDetailConfig.swift in Sources */,
				D2ADEB592D363C63005D62B6 /* GroupListContainerView.swift in Sources */,
				D2C0D0F32D311F1F0062736B /* WhatsUpApp.swift in Sources */,
				D2ADEB5C2D363D1B005D62B6 /* AddNewGroupView.swift in Sources */,
				D289478A2D3A286E00F23AC6 /* Image+Extensions.swift in Sources */,
				D2ADEB632D3647B1005D62B6 /* GroupDetailView.swift in Sources */,
				D28947922D3A30B900F23AC6 /* Storage+Extensions.swift in Sources */,
			);
			runOnlyForDeploymentPostprocessing = 0;
		};
/* End PBXSourcesBuildPhase section */

/* Begin XCBuildConfiguration section */
		D2C0D0FB2D311F210062736B /* Debug */ = {
			isa = XCBuildConfiguration;
			buildSettings = {
				ALWAYS_SEARCH_USER_PATHS = NO;
				ASSETCATALOG_COMPILER_GENERATE_SWIFT_ASSET_SYMBOL_EXTENSIONS = YES;
				CLANG_ANALYZER_NONNULL = YES;
				CLANG_ANALYZER_NUMBER_OBJECT_CONVERSION = YES_AGGRESSIVE;
				CLANG_CXX_LANGUAGE_STANDARD = "gnu++20";
				CLANG_ENABLE_MODULES = YES;
				CLANG_ENABLE_OBJC_ARC = YES;
				CLANG_ENABLE_OBJC_WEAK = YES;
				CLANG_WARN_BLOCK_CAPTURE_AUTORELEASING = YES;
				CLANG_WARN_BOOL_CONVERSION = YES;
				CLANG_WARN_COMMA = YES;
				CLANG_WARN_CONSTANT_CONVERSION = YES;
				CLANG_WARN_DEPRECATED_OBJC_IMPLEMENTATIONS = YES;
				CLANG_WARN_DIRECT_OBJC_ISA_USAGE = YES_ERROR;
				CLANG_WARN_DOCUMENTATION_COMMENTS = YES;
				CLANG_WARN_EMPTY_BODY = YES;
				CLANG_WARN_ENUM_CONVERSION = YES;
				CLANG_WARN_INFINITE_RECURSION = YES;
				CLANG_WARN_INT_CONVERSION = YES;
				CLANG_WARN_NON_LITERAL_NULL_CONVERSION = YES;
				CLANG_WARN_OBJC_IMPLICIT_RETAIN_SELF = YES;
				CLANG_WARN_OBJC_LITERAL_CONVERSION = YES;
				CLANG_WARN_OBJC_ROOT_CLASS = YES_ERROR;
				CLANG_WARN_QUOTED_INCLUDE_IN_FRAMEWORK_HEADER = YES;
				CLANG_WARN_RANGE_LOOP_ANALYSIS = YES;
				CLANG_WARN_STRICT_PROTOTYPES = YES;
				CLANG_WARN_SUSPICIOUS_MOVE = YES;
				CLANG_WARN_UNGUARDED_AVAILABILITY = YES_AGGRESSIVE;
				CLANG_WARN_UNREACHABLE_CODE = YES;
				CLANG_WARN__DUPLICATE_METHOD_MATCH = YES;
				COPY_PHASE_STRIP = NO;
				DEBUG_INFORMATION_FORMAT = dwarf;
				ENABLE_STRICT_OBJC_MSGSEND = YES;
				ENABLE_TESTABILITY = YES;
				ENABLE_USER_SCRIPT_SANDBOXING = YES;
				GCC_C_LANGUAGE_STANDARD = gnu17;
				GCC_DYNAMIC_NO_PIC = NO;
				GCC_NO_COMMON_BLOCKS = YES;
				GCC_OPTIMIZATION_LEVEL = 0;
				GCC_PREPROCESSOR_DEFINITIONS = (
					"DEBUG=1",
					"$(inherited)",
				);
				GCC_WARN_64_TO_32_BIT_CONVERSION = YES;
				GCC_WARN_ABOUT_RETURN_TYPE = YES_ERROR;
				GCC_WARN_UNDECLARED_SELECTOR = YES;
				GCC_WARN_UNINITIALIZED_AUTOS = YES_AGGRESSIVE;
				GCC_WARN_UNUSED_FUNCTION = YES;
				GCC_WARN_UNUSED_VARIABLE = YES;
				IPHONEOS_DEPLOYMENT_TARGET = 17.5;
				LOCALIZATION_PREFERS_STRING_CATALOGS = YES;
				MTL_ENABLE_DEBUG_INFO = INCLUDE_SOURCE;
				MTL_FAST_MATH = YES;
				ONLY_ACTIVE_ARCH = YES;
				SDKROOT = iphoneos;
				SWIFT_ACTIVE_COMPILATION_CONDITIONS = "DEBUG $(inherited)";
				SWIFT_OPTIMIZATION_LEVEL = "-Onone";
			};
			name = Debug;
		};
		D2C0D0FC2D311F210062736B /* Release */ = {
			isa = XCBuildConfiguration;
			buildSettings = {
				ALWAYS_SEARCH_USER_PATHS = NO;
				ASSETCATALOG_COMPILER_GENERATE_SWIFT_ASSET_SYMBOL_EXTENSIONS = YES;
				CLANG_ANALYZER_NONNULL = YES;
				CLANG_ANALYZER_NUMBER_OBJECT_CONVERSION = YES_AGGRESSIVE;
				CLANG_CXX_LANGUAGE_STANDARD = "gnu++20";
				CLANG_ENABLE_MODULES = YES;
				CLANG_ENABLE_OBJC_ARC = YES;
				CLANG_ENABLE_OBJC_WEAK = YES;
				CLANG_WARN_BLOCK_CAPTURE_AUTORELEASING = YES;
				CLANG_WARN_BOOL_CONVERSION = YES;
				CLANG_WARN_COMMA = YES;
				CLANG_WARN_CONSTANT_CONVERSION = YES;
				CLANG_WARN_DEPRECATED_OBJC_IMPLEMENTATIONS = YES;
				CLANG_WARN_DIRECT_OBJC_ISA_USAGE = YES_ERROR;
				CLANG_WARN_DOCUMENTATION_COMMENTS = YES;
				CLANG_WARN_EMPTY_BODY = YES;
				CLANG_WARN_ENUM_CONVERSION = YES;
				CLANG_WARN_INFINITE_RECURSION = YES;
				CLANG_WARN_INT_CONVERSION = YES;
				CLANG_WARN_NON_LITERAL_NULL_CONVERSION = YES;
				CLANG_WARN_OBJC_IMPLICIT_RETAIN_SELF = YES;
				CLANG_WARN_OBJC_LITERAL_CONVERSION = YES;
				CLANG_WARN_OBJC_ROOT_CLASS = YES_ERROR;
				CLANG_WARN_QUOTED_INCLUDE_IN_FRAMEWORK_HEADER = YES;
				CLANG_WARN_RANGE_LOOP_ANALYSIS = YES;
				CLANG_WARN_STRICT_PROTOTYPES = YES;
				CLANG_WARN_SUSPICIOUS_MOVE = YES;
				CLANG_WARN_UNGUARDED_AVAILABILITY = YES_AGGRESSIVE;
				CLANG_WARN_UNREACHABLE_CODE = YES;
				CLANG_WARN__DUPLICATE_METHOD_MATCH = YES;
				COPY_PHASE_STRIP = NO;
				DEBUG_INFORMATION_FORMAT = "dwarf-with-dsym";
				ENABLE_NS_ASSERTIONS = NO;
				ENABLE_STRICT_OBJC_MSGSEND = YES;
				ENABLE_USER_SCRIPT_SANDBOXING = YES;
				GCC_C_LANGUAGE_STANDARD = gnu17;
				GCC_NO_COMMON_BLOCKS = YES;
				GCC_WARN_64_TO_32_BIT_CONVERSION = YES;
				GCC_WARN_ABOUT_RETURN_TYPE = YES_ERROR;
				GCC_WARN_UNDECLARED_SELECTOR = YES;
				GCC_WARN_UNINITIALIZED_AUTOS = YES_AGGRESSIVE;
				GCC_WARN_UNUSED_FUNCTION = YES;
				GCC_WARN_UNUSED_VARIABLE = YES;
				IPHONEOS_DEPLOYMENT_TARGET = 17.5;
				LOCALIZATION_PREFERS_STRING_CATALOGS = YES;
				MTL_ENABLE_DEBUG_INFO = NO;
				MTL_FAST_MATH = YES;
				SDKROOT = iphoneos;
				SWIFT_COMPILATION_MODE = wholemodule;
				VALIDATE_PRODUCT = YES;
			};
			name = Release;
		};
		D2C0D0FE2D311F210062736B /* Debug */ = {
			isa = XCBuildConfiguration;
			buildSettings = {
				ASSETCATALOG_COMPILER_APPICON_NAME = AppIcon;
				ASSETCATALOG_COMPILER_GLOBAL_ACCENT_COLOR_NAME = AccentColor;
				CODE_SIGN_STYLE = Automatic;
				CURRENT_PROJECT_VERSION = 1;
				DEVELOPMENT_ASSET_PATHS = "\"WhatsUp/Preview Content\"";
				DEVELOPMENT_TEAM = A4VS9W3DA9;
				ENABLE_PREVIEWS = YES;
				GENERATE_INFOPLIST_FILE = YES;
				INFOPLIST_FILE = WhatsUp/Info.plist;
				INFOPLIST_KEY_NSCameraUsageDescription = "WhatsUp requires access to your camera to upload images for chat.";
				INFOPLIST_KEY_UIApplicationSceneManifest_Generation = YES;
				INFOPLIST_KEY_UIApplicationSupportsIndirectInputEvents = YES;
				INFOPLIST_KEY_UILaunchScreen_Generation = YES;
				INFOPLIST_KEY_UISupportedInterfaceOrientations_iPad = "UIInterfaceOrientationPortrait UIInterfaceOrientationPortraitUpsideDown UIInterfaceOrientationLandscapeLeft UIInterfaceOrientationLandscapeRight";
				INFOPLIST_KEY_UISupportedInterfaceOrientations_iPhone = "UIInterfaceOrientationPortrait UIInterfaceOrientationLandscapeLeft UIInterfaceOrientationLandscapeRight";
				LD_RUNPATH_SEARCH_PATHS = (
					"$(inherited)",
					"@executable_path/Frameworks",
				);
				MARKETING_VERSION = 1.0;
				PRODUCT_BUNDLE_IDENTIFIER = com.dj.www.WhatsUp;
				PRODUCT_NAME = "$(TARGET_NAME)";
				SWIFT_EMIT_LOC_STRINGS = YES;
				SWIFT_VERSION = 5.0;
				TARGETED_DEVICE_FAMILY = "1,2";
			};
			name = Debug;
		};
		D2C0D0FF2D311F210062736B /* Release */ = {
			isa = XCBuildConfiguration;
			buildSettings = {
				ASSETCATALOG_COMPILER_APPICON_NAME = AppIcon;
				ASSETCATALOG_COMPILER_GLOBAL_ACCENT_COLOR_NAME = AccentColor;
				CODE_SIGN_STYLE = Automatic;
				CURRENT_PROJECT_VERSION = 1;
				DEVELOPMENT_ASSET_PATHS = "\"WhatsUp/Preview Content\"";
				DEVELOPMENT_TEAM = A4VS9W3DA9;
				ENABLE_PREVIEWS = YES;
				GENERATE_INFOPLIST_FILE = YES;
				INFOPLIST_FILE = WhatsUp/Info.plist;
				INFOPLIST_KEY_NSCameraUsageDescription = "WhatsUp requires access to your camera to upload images for chat.";
				INFOPLIST_KEY_UIApplicationSceneManifest_Generation = YES;
				INFOPLIST_KEY_UIApplicationSupportsIndirectInputEvents = YES;
				INFOPLIST_KEY_UILaunchScreen_Generation = YES;
				INFOPLIST_KEY_UISupportedInterfaceOrientations_iPad = "UIInterfaceOrientationPortrait UIInterfaceOrientationPortraitUpsideDown UIInterfaceOrientationLandscapeLeft UIInterfaceOrientationLandscapeRight";
				INFOPLIST_KEY_UISupportedInterfaceOrientations_iPhone = "UIInterfaceOrientationPortrait UIInterfaceOrientationLandscapeLeft UIInterfaceOrientationLandscapeRight";
				LD_RUNPATH_SEARCH_PATHS = (
					"$(inherited)",
					"@executable_path/Frameworks",
				);
				MARKETING_VERSION = 1.0;
				PRODUCT_BUNDLE_IDENTIFIER = com.dj.www.WhatsUp;
				PRODUCT_NAME = "$(TARGET_NAME)";
				SWIFT_EMIT_LOC_STRINGS = YES;
				SWIFT_VERSION = 5.0;
				TARGETED_DEVICE_FAMILY = "1,2";
			};
			name = Release;
		};
/* End XCBuildConfiguration section */

/* Begin XCConfigurationList section */
		D2C0D0EA2D311F1F0062736B /* Build configuration list for PBXProject "WhatsUp" */ = {
			isa = XCConfigurationList;
			buildConfigurations = (
				D2C0D0FB2D311F210062736B /* Debug */,
				D2C0D0FC2D311F210062736B /* Release */,
			);
			defaultConfigurationIsVisible = 0;
			defaultConfigurationName = Release;
		};
		D2C0D0FD2D311F210062736B /* Build configuration list for PBXNativeTarget "WhatsUp" */ = {
			isa = XCConfigurationList;
			buildConfigurations = (
				D2C0D0FE2D311F210062736B /* Debug */,
				D2C0D0FF2D311F210062736B /* Release */,
			);
			defaultConfigurationIsVisible = 0;
			defaultConfigurationName = Release;
		};
/* End XCConfigurationList section */

/* Begin XCRemoteSwiftPackageReference section */
		D2C0D1022D31201E0062736B /* XCRemoteSwiftPackageReference "firebase-ios-sdk" */ = {
			isa = XCRemoteSwiftPackageReference;
			repositoryURL = "https://github.com/firebase/firebase-ios-sdk.git";
			requirement = {
				kind = upToNextMajorVersion;
				minimumVersion = 11.6.0;
			};
		};
/* End XCRemoteSwiftPackageReference section */

/* Begin XCSwiftPackageProductDependency section */
		D2C0D1032D31201E0062736B /* FirebaseAuth */ = {
			isa = XCSwiftPackageProductDependency;
			package = D2C0D1022D31201E0062736B /* XCRemoteSwiftPackageReference "firebase-ios-sdk" */;
			productName = FirebaseAuth;
		};
		D2C0D1052D31201E0062736B /* FirebaseFirestore */ = {
			isa = XCSwiftPackageProductDependency;
			package = D2C0D1022D31201E0062736B /* XCRemoteSwiftPackageReference "firebase-ios-sdk" */;
			productName = FirebaseFirestore;
		};
		D2C0D1072D31201E0062736B /* FirebaseStorage */ = {
			isa = XCSwiftPackageProductDependency;
			package = D2C0D1022D31201E0062736B /* XCRemoteSwiftPackageReference "firebase-ios-sdk" */;
			productName = FirebaseStorage;
		};
/* End XCSwiftPackageProductDependency section */
	};
	rootObject = D2C0D0E72D311F1F0062736B /* Project object */;
}
